// !$*UTF8*$!
{
	archiveVersion = 1;
	classes = {
	};
	objectVersion = 48;
	objects = {

/* Begin PBXBuildFile section */
		81517CBE205A230A00372703 /* LoginFormViewController.swift in Sources */ = {isa = PBXBuildFile; fileRef = 81517CBC205A230A00372703 /* LoginFormViewController.swift */; };
		81517CBF205A230A00372703 /* LoginFormViewController.xib in Resources */ = {isa = PBXBuildFile; fileRef = 81517CBD205A230A00372703 /* LoginFormViewController.xib */; };
		81631EE420509288001A9ED2 /* AppDelegate.swift in Sources */ = {isa = PBXBuildFile; fileRef = 81631EE320509288001A9ED2 /* AppDelegate.swift */; };
		81631EE620509288001A9ED2 /* LoginViewController.swift in Sources */ = {isa = PBXBuildFile; fileRef = 81631EE520509288001A9ED2 /* LoginViewController.swift */; };
		81631EE920509288001A9ED2 /* Main.storyboard in Resources */ = {isa = PBXBuildFile; fileRef = 81631EE720509288001A9ED2 /* Main.storyboard */; };
		81631EEB20509288001A9ED2 /* Assets.xcassets in Resources */ = {isa = PBXBuildFile; fileRef = 81631EEA20509288001A9ED2 /* Assets.xcassets */; };
		81631EEE20509288001A9ED2 /* LaunchScreen.storyboard in Resources */ = {isa = PBXBuildFile; fileRef = 81631EEC20509288001A9ED2 /* LaunchScreen.storyboard */; };
		81631EF72051B3AA001A9ED2 /* Constants.swift in Sources */ = {isa = PBXBuildFile; fileRef = 81631EF62051B3AA001A9ED2 /* Constants.swift */; };
		81631EFA2051B44D001A9ED2 /* SwayterLog.swift in Sources */ = {isa = PBXBuildFile; fileRef = 81631EF92051B44D001A9ED2 /* SwayterLog.swift */; };
/* End PBXBuildFile section */

/* Begin PBXFileReference section */
		81517CBC205A230A00372703 /* LoginFormViewController.swift */ = {isa = PBXFileReference; lastKnownFileType = sourcecode.swift; path = LoginFormViewController.swift; sourceTree = "<group>"; };
		81517CBD205A230A00372703 /* LoginFormViewController.xib */ = {isa = PBXFileReference; lastKnownFileType = file.xib; path = LoginFormViewController.xib; sourceTree = "<group>"; };
		81631EE020509288001A9ED2 /* Swayter 2.0.app */ = {isa = PBXFileReference; explicitFileType = wrapper.application; includeInIndex = 0; path = "Swayter 2.0.app"; sourceTree = BUILT_PRODUCTS_DIR; };
		81631EE320509288001A9ED2 /* AppDelegate.swift */ = {isa = PBXFileReference; lastKnownFileType = sourcecode.swift; path = AppDelegate.swift; sourceTree = "<group>"; };
		81631EE520509288001A9ED2 /* LoginViewController.swift */ = {isa = PBXFileReference; lastKnownFileType = sourcecode.swift; path = LoginViewController.swift; sourceTree = "<group>"; };
		81631EE820509288001A9ED2 /* Base */ = {isa = PBXFileReference; lastKnownFileType = file.storyboard; name = Base; path = Base.lproj/Main.storyboard; sourceTree = "<group>"; };
		81631EEA20509288001A9ED2 /* Assets.xcassets */ = {isa = PBXFileReference; lastKnownFileType = folder.assetcatalog; path = Assets.xcassets; sourceTree = "<group>"; };
		81631EED20509288001A9ED2 /* Base */ = {isa = PBXFileReference; lastKnownFileType = file.storyboard; name = Base; path = Base.lproj/LaunchScreen.storyboard; sourceTree = "<group>"; };
		81631EEF20509288001A9ED2 /* Info.plist */ = {isa = PBXFileReference; lastKnownFileType = text.plist.xml; path = Info.plist; sourceTree = "<group>"; };
		81631EF62051B3AA001A9ED2 /* Constants.swift */ = {isa = PBXFileReference; lastKnownFileType = sourcecode.swift; path = Constants.swift; sourceTree = "<group>"; };
		81631EF92051B44D001A9ED2 /* SwayterLog.swift */ = {isa = PBXFileReference; lastKnownFileType = sourcecode.swift; path = SwayterLog.swift; sourceTree = "<group>"; };
/* End PBXFileReference section */

/* Begin PBXFrameworksBuildPhase section */
		81631EDD20509288001A9ED2 /* Frameworks */ = {
			isa = PBXFrameworksBuildPhase;
			buildActionMask = 2147483647;
			files = (
			);
			runOnlyForDeploymentPostprocessing = 0;
		};
/* End PBXFrameworksBuildPhase section */

/* Begin PBXGroup section */
		81631ED720509288001A9ED2 = {
			isa = PBXGroup;
			children = (
				81631EE220509288001A9ED2 /* Swayter 2.0 */,
				81631EE120509288001A9ED2 /* Products */,
			);
			sourceTree = "<group>";
		};
		81631EE120509288001A9ED2 /* Products */ = {
			isa = PBXGroup;
			children = (
				81631EE020509288001A9ED2 /* Swayter 2.0.app */,
			);
			name = Products;
			sourceTree = "<group>";
		};
		81631EE220509288001A9ED2 /* Swayter 2.0 */ = {
			isa = PBXGroup;
			children = (
				81631EF82051B419001A9ED2 /* Tools */,
				81631EF52051B2D5001A9ED2 /* ViewController */,
				81631EE320509288001A9ED2 /* AppDelegate.swift */,
				81631EE720509288001A9ED2 /* Main.storyboard */,
				81631EEA20509288001A9ED2 /* Assets.xcassets */,
				81631EEC20509288001A9ED2 /* LaunchScreen.storyboard */,
				81631EEF20509288001A9ED2 /* Info.plist */,
				81517CBC205A230A00372703 /* LoginFormViewController.swift */,
				81517CBD205A230A00372703 /* LoginFormViewController.xib */,
			);
			path = "Swayter 2.0";
			sourceTree = "<group>";
		};
		81631EF52051B2D5001A9ED2 /* ViewController */ = {
			isa = PBXGroup;
			children = (
				81631EE520509288001A9ED2 /* LoginViewController.swift */,
			);
			path = ViewController;
			sourceTree = "<group>";
		};
		81631EF82051B419001A9ED2 /* Tools */ = {
			isa = PBXGroup;
			children = (
				81631EF62051B3AA001A9ED2 /* Constants.swift */,
				81631EF92051B44D001A9ED2 /* SwayterLog.swift */,
			);
			path = Tools;
			sourceTree = "<group>";
		};
/* End PBXGroup section */

/* Begin PBXNativeTarget section */
		81631EDF20509288001A9ED2 /* Swayter 2.0 */ = {
			isa = PBXNativeTarget;
			buildConfigurationList = 81631EF220509288001A9ED2 /* Build configuration list for PBXNativeTarget "Swayter 2.0" */;
			buildPhases = (
				81631EDC20509288001A9ED2 /* Sources */,
				81631EDD20509288001A9ED2 /* Frameworks */,
				81631EDE20509288001A9ED2 /* Resources */,
			);
			buildRules = (
			);
			dependencies = (
			);
			name = "Swayter 2.0";
			productName = "Swayter 2.0";
			productReference = 81631EE020509288001A9ED2 /* Swayter 2.0.app */;
			productType = "com.apple.product-type.application";
		};
/* End PBXNativeTarget section */

/* Begin PBXProject section */
		81631ED820509288001A9ED2 /* Project object */ = {
			isa = PBXProject;
			attributes = {
				LastSwiftUpdateCheck = 0920;
				LastUpgradeCheck = 0920;
				ORGANIZATIONNAME = "Worly Software";
				TargetAttributes = {
					81631EDF20509288001A9ED2 = {
						CreatedOnToolsVersion = 9.2;
						ProvisioningStyle = Automatic;
					};
				};
			};
			buildConfigurationList = 81631EDB20509288001A9ED2 /* Build configuration list for PBXProject "Swayter 2.0" */;
			compatibilityVersion = "Xcode 8.0";
			developmentRegion = en;
			hasScannedForEncodings = 0;
			knownRegions = (
				en,
				Base,
			);
			mainGroup = 81631ED720509288001A9ED2;
			productRefGroup = 81631EE120509288001A9ED2 /* Products */;
			projectDirPath = "";
			projectRoot = "";
			targets = (
				81631EDF20509288001A9ED2 /* Swayter 2.0 */,
			);
		};
/* End PBXProject section */

/* Begin PBXResourcesBuildPhase section */
		81631EDE20509288001A9ED2 /* Resources */ = {
			isa = PBXResourcesBuildPhase;
			buildActionMask = 2147483647;
			files = (
				81517CBF205A230A00372703 /* LoginFormViewController.xib in Resources */,
				81631EEE20509288001A9ED2 /* LaunchScreen.storyboard in Resources */,
				81631EEB20509288001A9ED2 /* Assets.xcassets in Resources */,
				81631EE920509288001A9ED2 /* Main.storyboard in Resources */,
			);
			runOnlyForDeploymentPostprocessing = 0;
		};
/* End PBXResourcesBuildPhase section */

/* Begin PBXSourcesBuildPhase section */
		81631EDC20509288001A9ED2 /* Sources */ = {
			isa = PBXSourcesBuildPhase;
			buildActionMask = 2147483647;
			files = (
				81631EFA2051B44D001A9ED2 /* SwayterLog.swift in Sources */,
				81631EE620509288001A9ED2 /* LoginViewController.swift in Sources */,
				81517CBE205A230A00372703 /* LoginFormViewController.swift in Sources */,
				81631EE420509288001A9ED2 /* AppDelegate.swift in Sources */,
				81631EF72051B3AA001A9ED2 /* Constants.swift in Sources */,
			);
			runOnlyForDeploymentPostprocessing = 0;
		};
/* End PBXSourcesBuildPhase section */

/* Begin PBXVariantGroup section */
		81631EE720509288001A9ED2 /* Main.storyboard */ = {
			isa = PBXVariantGroup;
			children = (
				81631EE820509288001A9ED2 /* Base */,
			);
			name = Main.storyboard;
			sourceTree = "<group>";
		};
		81631EEC20509288001A9ED2 /* LaunchScreen.storyboard */ = {
			isa = PBXVariantGroup;
			children = (
				81631EED20509288001A9ED2 /* Base */,
			);
			name = LaunchScreen.storyboard;
			sourceTree = "<group>";
		};
/* End PBXVariantGroup section */

/* Begin XCBuildConfiguration section */
		81631EF020509288001A9ED2 /* Debug */ = {
			isa = XCBuildConfiguration;
			buildSettings = {
				ALWAYS_SEARCH_USER_PATHS = NO;
				CLANG_ANALYZER_NONNULL = YES;
				CLANG_ANALYZER_NUMBER_OBJECT_CONVERSION = YES_AGGRESSIVE;
				CLANG_CXX_LANGUAGE_STANDARD = "gnu++14";
				CLANG_CXX_LIBRARY = "libc++";
				CLANG_ENABLE_MODULES = YES;
				CLANG_ENABLE_OBJC_ARC = YES;
				CLANG_WARN_BLOCK_CAPTURE_AUTORELEASING = YES;
				CLANG_WARN_BOOL_CONVERSION = YES;
				CLANG_WARN_COMMA = YES;
				CLANG_WARN_CONSTANT_CONVERSION = YES;
				CLANG_WARN_DIRECT_OBJC_ISA_USAGE = YES_ERROR;
				CLANG_WARN_DOCUMENTATION_COMMENTS = YES;
				CLANG_WARN_EMPTY_BODY = YES;
				CLANG_WARN_ENUM_CONVERSION = YES;
				CLANG_WARN_INFINITE_RECURSION = YES;
				CLANG_WARN_INT_CONVERSION = YES;
				CLANG_WARN_NON_LITERAL_NULL_CONVERSION = YES;
				CLANG_WARN_OBJC_LITERAL_CONVERSION = YES;
				CLANG_WARN_OBJC_ROOT_CLASS = YES_ERROR;
				CLANG_WARN_RANGE_LOOP_ANALYSIS = YES;
				CLANG_WARN_STRICT_PROTOTYPES = YES;
				CLANG_WARN_SUSPICIOUS_MOVE = YES;
				CLANG_WARN_UNGUARDED_AVAILABILITY = YES_AGGRESSIVE;
				CLANG_WARN_UNREACHABLE_CODE = YES;
				CLANG_WARN__DUPLICATE_METHOD_MATCH = YES;
				CODE_SIGN_IDENTITY = "iPhone Developer";
				COPY_PHASE_STRIP = NO;
				DEBUG_INFORMATION_FORMAT = dwarf;
				ENABLE_STRICT_OBJC_MSGSEND = YES;
				ENABLE_TESTABILITY = YES;
				GCC_C_LANGUAGE_STANDARD = gnu11;
				GCC_DYNAMIC_NO_PIC = NO;
				GCC_NO_COMMON_BLOCKS = YES;
				GCC_OPTIMIZATION_LEVEL = 0;
				GCC_PREPROCESSOR_DEFINITIONS = (
					"DEBUG=1",
					"$(inherited)",
				);
				GCC_WARN_64_TO_32_BIT_CONVERSION = YES;
				GCC_WARN_ABOUT_RETURN_TYPE = YES_ERROR;
				GCC_WARN_UNDECLARED_SELECTOR = YES;
				GCC_WARN_UNINITIALIZED_AUTOS = YES_AGGRESSIVE;
				GCC_WARN_UNUSED_FUNCTION = YES;
				GCC_WARN_UNUSED_VARIABLE = YES;
				IPHONEOS_DEPLOYMENT_TARGET = 11.2;
				MTL_ENABLE_DEBUG_INFO = YES;
				ONLY_ACTIVE_ARCH = YES;
				SDKROOT = iphoneos;
				SWIFT_ACTIVE_COMPILATION_CONDITIONS = DEBUG;
				SWIFT_OPTIMIZATION_LEVEL = "-Onone";
			};
			name = Debug;
		};
		81631EF120509288001A9ED2 /* Release */ = {
			isa = XCBuildConfiguration;
			buildSettings = {
				ALWAYS_SEARCH_USER_PATHS = NO;
				CLANG_ANALYZER_NONNULL = YES;
				CLANG_ANALYZER_NUMBER_OBJECT_CONVERSION = YES_AGGRESSIVE;
				CLANG_CXX_LANGUAGE_STANDARD = "gnu++14";
				CLANG_CXX_LIBRARY = "libc++";
				CLANG_ENABLE_MODULES = YES;
				CLANG_ENABLE_OBJC_ARC = YES;
				CLANG_WARN_BLOCK_CAPTURE_AUTORELEASING = YES;
				CLANG_WARN_BOOL_CONVERSION = YES;
				CLANG_WARN_COMMA = YES;
				CLANG_WARN_CONSTANT_CONVERSION = YES;
				CLANG_WARN_DIRECT_OBJC_ISA_USAGE = YES_ERROR;
				CLANG_WARN_DOCUMENTATION_COMMENTS = YES;
				CLANG_WARN_EMPTY_BODY = YES;
				CLANG_WARN_ENUM_CONVERSION = YES;
				CLANG_WARN_INFINITE_RECURSION = YES;
				CLANG_WARN_INT_CONVERSION = YES;
				CLANG_WARN_NON_LITERAL_NULL_CONVERSION = YES;
				CLANG_WARN_OBJC_LITERAL_CONVERSION = YES;
				CLANG_WARN_OBJC_ROOT_CLASS = YES_ERROR;
				CLANG_WARN_RANGE_LOOP_ANALYSIS = YES;
				CLANG_WARN_STRICT_PROTOTYPES = YES;
				CLANG_WARN_SUSPICIOUS_MOVE = YES;
				CLANG_WARN_UNGUARDED_AVAILABILITY = YES_AGGRESSIVE;
				CLANG_WARN_UNREACHABLE_CODE = YES;
				CLANG_WARN__DUPLICATE_METHOD_MATCH = YES;
				CODE_SIGN_IDENTITY = "iPhone Developer";
				COPY_PHASE_STRIP = NO;
				DEBUG_INFORMATION_FORMAT = "dwarf-with-dsym";
				ENABLE_NS_ASSERTIONS = NO;
				ENABLE_STRICT_OBJC_MSGSEND = YES;
				GCC_C_LANGUAGE_STANDARD = gnu11;
				GCC_NO_COMMON_BLOCKS = YES;
				GCC_WARN_64_TO_32_BIT_CONVERSION = YES;
				GCC_WARN_ABOUT_RETURN_TYPE = YES_ERROR;
				GCC_WARN_UNDECLARED_SELECTOR = YES;
				GCC_WARN_UNINITIALIZED_AUTOS = YES_AGGRESSIVE;
				GCC_WARN_UNUSED_FUNCTION = YES;
				GCC_WARN_UNUSED_VARIABLE = YES;
				IPHONEOS_DEPLOYMENT_TARGET = 11.2;
				MTL_ENABLE_DEBUG_INFO = NO;
				SDKROOT = iphoneos;
				SWIFT_OPTIMIZATION_LEVEL = "-Owholemodule";
				VALIDATE_PRODUCT = YES;
			};
			name = Release;
		};
		81631EF320509288001A9ED2 /* Debug */ = {
			isa = XCBuildConfiguration;
			buildSettings = {
				ASSETCATALOG_COMPILER_APPICON_NAME = AppIcon;
				CODE_SIGN_STYLE = Automatic;
				DEVELOPMENT_TEAM = LUM87FU73S;
				INFOPLIST_FILE = "Swayter 2.0/Info.plist";
				LD_RUNPATH_SEARCH_PATHS = "$(inherited) @executable_path/Frameworks";
				PRODUCT_BUNDLE_IDENTIFIER = "com.WorlySoftware.Swayter-2-0";
				PRODUCT_NAME = "$(TARGET_NAME)";
				SWIFT_VERSION = 4.0;
				TARGETED_DEVICE_FAMILY = "1,2";
			};
			name = Debug;
		};
		81631EF420509288001A9ED2 /* Release */ = {
			isa = XCBuildConfiguration;
			buildSettings = {
				ASSETCATALOG_COMPILER_APPICON_NAME = AppIcon;
				CODE_SIGN_STYLE = Automatic;
				DEVELOPMENT_TEAM = LUM87FU73S;
				INFOPLIST_FILE = "Swayter 2.0/Info.plist";
				LD_RUNPATH_SEARCH_PATHS = "$(inherited) @executable_path/Frameworks";
				PRODUCT_BUNDLE_IDENTIFIER = "com.WorlySoftware.Swayter-2-0";
				PRODUCT_NAME = "$(TARGET_NAME)";
				SWIFT_VERSION = 4.0;
				TARGETED_DEVICE_FAMILY = "1,2";
			};
			name = Release;
		};
/* End XCBuildConfiguration section */

/* Begin XCConfigurationList section */
		81631EDB20509288001A9ED2 /* Build configuration list for PBXProject "Swayter 2.0" */ = {
			isa = XCConfigurationList;
			buildConfigurations = (
				81631EF020509288001A9ED2 /* Debug */,
				81631EF120509288001A9ED2 /* Release */,
			);
			defaultConfigurationIsVisible = 0;
			defaultConfigurationName = Release;
		};
		81631EF220509288001A9ED2 /* Build configuration list for PBXNativeTarget "Swayter 2.0" */ = {
			isa = XCConfigurationList;
			buildConfigurations = (
				81631EF320509288001A9ED2 /* Debug */,
				81631EF420509288001A9ED2 /* Release */,
			);
			defaultConfigurationIsVisible = 0;
			defaultConfigurationName = Release;
		};
/* End XCConfigurationList section */
	};
	rootObject = 81631ED820509288001A9ED2 /* Project object */;
}
